{
    "_readme": [
        "This file locks the dependencies of your project to a known state",
        "Read more about it at https://getcomposer.org/doc/01-basic-usage.md#installing-dependencies",
        "This file is @generated automatically"
    ],
    "content-hash": "eecf0685ebcb882ff0d379548fcd2e76",
    "packages": [],
    "packages-dev": [
        {
            "name": "lucascudo/laravel-pt-br-localization",
            "version": "v1.2.3",
            "source": {
                "type": "git",
                "url": "https://github.com/lucascudo/laravel-pt-BR-localization.git",
                "reference": "7470427992f6fe6b2dbe616263ff8da40d1d1599"
            },
            "dist": {
                "type": "zip",
                "url": "https://api.github.com/repos/lucascudo/laravel-pt-BR-localization/zipball/7470427992f6fe6b2dbe616263ff8da40d1d1599",
                "reference": "7470427992f6fe6b2dbe616263ff8da40d1d1599",
                "shasum": ""
            },
            "type": "library",
            "extra": {
                "laravel": {
                    "providers": [
                        "Lucascudo\\LaravelPtBRLocalization\\LaravelPtBRLocalizationServiceProvider"
                    ]
                }
            },
            "autoload": {
                "psr-4": {
                    "Lucascudo\\LaravelPtBRLocalization\\": "src/"
                }
            },
            "notification-url": "https://packagist.org/downloads/",
            "license": [
                "GPL-3.0-or-later"
            ],
            "authors": [
                {
                    "name": "Cascudo",
                    "email": "lucas.sisau@gmail.com"
                }
            ],
            "description": "Arquivos de linguagem em Português do Brasil (pt-BR) para Laravel >= 5.6",
            "support": {
                "issues": "https://github.com/lucascudo/laravel-pt-BR-localization/issues",
                "source": "https://github.com/lucascudo/laravel-pt-BR-localization/tree/v1.2.3"
            },
            "time": "2022-06-02T07:43:13+00:00"
        }
    ],
    "aliases": [],
    "minimum-stability": "stable",
    "stability-flags": [],
    "prefer-stable": false,
    "prefer-lowest": false,
    "platform": [],
    "platform-dev": [],
    "plugin-api-version": "2.3.0"
}
